
Microsoft Visual Studio Solution File, Format Version 12.00
# Visual Studio Version 16
VisualStudioVersion = 16.0.29911.84
MinimumVisualStudioVersion = 10.0.40219.1
Project("{FAE04EC0-301F-11D3-BF4B-00C04F79EFBC}") = "Sandeep.CakeDesign.WebApp", "Sandeep.CakeDesign.WebApp.csproj", "{85DF4EE8-E55D-47D8-ADF9-13630D08175A}"
EndProject
Project("{FAE04EC0-301F-11D3-BF4B-00C04F79EFBC}") = "Sandeep.CakeDesign.Repository", "..\Sandee.CakeDesign.Repository\Sandeep.CakeDesign.Repository.csproj", "{99A2B0BC-F696-47BA-9985-03B421CDCFE7}"
EndProject
Global
	GlobalSection(SolutionConfigurationPlatforms) = preSolution
		Debug|Any CPU = Debug|Any CPU
		Release|Any CPU = Release|Any CPU
	EndGlobalSection
	GlobalSection(ProjectConfigurationPlatforms) = postSolution
		{85DF4EE8-E55D-47D8-ADF9-13630D08175A}.Debug|Any CPU.ActiveCfg = Debug|Any CPU
		{85DF4EE8-E55D-47D8-ADF9-13630D08175A}.Debug|Any CPU.Build.0 = Debug|Any CPU
		{85DF4EE8-E55D-47D8-ADF9-13630D08175A}.Release|Any CPU.ActiveCfg = Release|Any CPU
		{85DF4EE8-E55D-47D8-ADF9-13630D08175A}.Release|Any CPU.Build.0 = Release|Any CPU
		{99A2B0BC-F696-47BA-9985-03B421CDCFE7}.Debug|Any CPU.ActiveCfg = Debug|Any CPU
		{99A2B0BC-F696-47BA-9985-03B421CDCFE7}.Debug|Any CPU.Build.0 = Debug|Any CPU
		{99A2B0BC-F696-47BA-9985-03B421CDCFE7}.Release|Any CPU.ActiveCfg = Release|Any CPU
		{99A2B0BC-F696-47BA-9985-03B421CDCFE7}.Release|Any CPU.Build.0 = Release|Any CPU
	EndGlobalSection
	GlobalSection(SolutionProperties) = preSolution
		HideSolutionNode = FALSE
	EndGlobalSection
	GlobalSection(ExtensibilityGlobals) = postSolution
		SolutionGuid = {28B9CB70-B552-42CC-9991-1B90013AF851}
	EndGlobalSection
EndGlobal
